
Microsoft Visual Studio Solution File, Format Version 12.00
# Visual Studio Version 16
VisualStudioVersion = 16.0.29709.97
MinimumVisualStudioVersion = 10.0.40219.1
Project("{FAE04EC0-301F-11D3-BF4B-00C04F79EFBC}") = "FP_BAPC", "FP_BAPC.csproj", "{AD07A85A-1649-4C19-A1FE-534C7CED35C7}"
EndProject
Global
	GlobalSection(SolutionConfigurationPlatforms) = preSolution
		Debug|Any CPU = Debug|Any CPU
		Release|Any CPU = Release|Any CPU
	EndGlobalSection
	GlobalSection(ProjectConfigurationPlatforms) = postSolution
		{AD07A85A-1649-4C19-A1FE-534C7CED35C7}.Debug|Any CPU.ActiveCfg = Debug|Any CPU
		{AD07A85A-1649-4C19-A1FE-534C7CED35C7}.Debug|Any CPU.Build.0 = Debug|Any CPU
		{AD07A85A-1649-4C19-A1FE-534C7CED35C7}.Release|Any CPU.ActiveCfg = Release|Any CPU
		{AD07A85A-1649-4C19-A1FE-534C7CED35C7}.Release|Any CPU.Build.0 = Release|Any CPU
	EndGlobalSection
	GlobalSection(SolutionProperties) = preSolution
		HideSolutionNode = FALSE
	EndGlobalSection
	GlobalSection(ExtensibilityGlobals) = postSolution
		SolutionGuid = {21D0D539-3709-4762-9F4E-84D3063198B1}
	EndGlobalSection
EndGlobal
