
Microsoft Visual Studio Solution File, Format Version 12.00
# Visual Studio 15
VisualStudioVersion = 15.0.28307.329
MinimumVisualStudioVersion = 10.0.40219.1
Project("{FAE04EC0-301F-11D3-BF4B-00C04F79EFBC}") = "PLAHF", "PLAHF\PLAHF.csproj", "{F3B6C3FD-A5DC-4F5F-B980-8348FCD262FD}"
EndProject
Global
	GlobalSection(SolutionConfigurationPlatforms) = preSolution
		Debug|Any CPU = Debug|Any CPU
		Release|Any CPU = Release|Any CPU
	EndGlobalSection
	GlobalSection(ProjectConfigurationPlatforms) = postSolution
		{F3B6C3FD-A5DC-4F5F-B980-8348FCD262FD}.Debug|Any CPU.ActiveCfg = Debug|Any CPU
		{F3B6C3FD-A5DC-4F5F-B980-8348FCD262FD}.Debug|Any CPU.Build.0 = Debug|Any CPU
		{F3B6C3FD-A5DC-4F5F-B980-8348FCD262FD}.Release|Any CPU.ActiveCfg = Release|Any CPU
		{F3B6C3FD-A5DC-4F5F-B980-8348FCD262FD}.Release|Any CPU.Build.0 = Release|Any CPU
	EndGlobalSection
	GlobalSection(SolutionProperties) = preSolution
		HideSolutionNode = FALSE
	EndGlobalSection
	GlobalSection(ExtensibilityGlobals) = postSolution
		SolutionGuid = {12E97D73-9405-4C91-BB61-571BF98DDB3F}
	EndGlobalSection
EndGlobal
