
Microsoft Visual Studio Solution File, Format Version 12.00
# Visual Studio Version 16
VisualStudioVersion = 16.0.29201.188
MinimumVisualStudioVersion = 10.0.40219.1
Project("{FAE04EC0-301F-11D3-BF4B-00C04F79EFBC}") = "BombInWall", "BombInWall.csproj", "{BD6AB9DD-DA8B-47B9-98F3-C65447279827}"
EndProject
Global
	GlobalSection(SolutionConfigurationPlatforms) = preSolution
		Debug|Any CPU = Debug|Any CPU
		Release|Any CPU = Release|Any CPU
	EndGlobalSection
	GlobalSection(ProjectConfigurationPlatforms) = postSolution
		{BD6AB9DD-DA8B-47B9-98F3-C65447279827}.Debug|Any CPU.ActiveCfg = Debug|Any CPU
		{BD6AB9DD-DA8B-47B9-98F3-C65447279827}.Debug|Any CPU.Build.0 = Debug|Any CPU
		{BD6AB9DD-DA8B-47B9-98F3-C65447279827}.Release|Any CPU.ActiveCfg = Release|Any CPU
		{BD6AB9DD-DA8B-47B9-98F3-C65447279827}.Release|Any CPU.Build.0 = Release|Any CPU
	EndGlobalSection
	GlobalSection(SolutionProperties) = preSolution
		HideSolutionNode = FALSE
	EndGlobalSection
	GlobalSection(ExtensibilityGlobals) = postSolution
		SolutionGuid = {634B3B5E-48CB-48FA-A279-B189ACDBA272}
	EndGlobalSection
EndGlobal
