Microsoft Visual Studio Solution File, Format Version 12.00
# Visual Studio Version 17
VisualStudioVersion = 17.0.32112.339
MinimumVisualStudioVersion = 10.0.40219.1
Project("{9A19103F-16F7-4668-BE54-9A1E7A4F7556}") = "to_my_side", "to_my_side\to_my_side.csproj", "{50082EC9-3F62-4BF0-863A-82689000FFD1}"
EndProject
Global
	GlobalSection(SolutionConfigurationPlatforms) = preSolution
		Debug|Any CPU = Debug|Any CPU
		Release|Any CPU = Release|Any CPU
	EndGlobalSection
	GlobalSection(ProjectConfigurationPlatforms) = postSolution
		{50082EC9-3F62-4BF0-863A-82689000FFD1}.Debug|Any CPU.ActiveCfg = Debug|Any CPU
		{50082EC9-3F62-4BF0-863A-82689000FFD1}.Debug|Any CPU.Build.0 = Debug|Any CPU
		{50082EC9-3F62-4BF0-863A-82689000FFD1}.Release|Any CPU.ActiveCfg = Release|Any CPU
		{50082EC9-3F62-4BF0-863A-82689000FFD1}.Release|Any CPU.Build.0 = Release|Any CPU
	EndGlobalSection
	GlobalSection(SolutionProperties) = preSolution
		HideSolutionNode = FALSE
	EndGlobalSection
	GlobalSection(ExtensibilityGlobals) = postSolution
		SolutionGuid = {38d4f638-88d9-4b8d-bf72-b5718fbdc840}
	EndGlobalSection
EndGlobal
