
Microsoft Visual Studio Solution File, Format Version 12.00
# Visual Studio 15
VisualStudioVersion = 15.0.28307.329
MinimumVisualStudioVersion = 10.0.40219.1
Project("{FAE04EC0-301F-11D3-BF4B-00C04F79EFBC}") = "CircleAndOval", "MakeLineandCurve\CircleAndOval.csproj", "{01F7B742-77FC-4DD1-BF8B-919DA47F33DF}"
EndProject
Global
	GlobalSection(SolutionConfigurationPlatforms) = preSolution
		Debug|Any CPU = Debug|Any CPU
		Release|Any CPU = Release|Any CPU
	EndGlobalSection
	GlobalSection(ProjectConfigurationPlatforms) = postSolution
		{01F7B742-77FC-4DD1-BF8B-919DA47F33DF}.Debug|Any CPU.ActiveCfg = Debug|Any CPU
		{01F7B742-77FC-4DD1-BF8B-919DA47F33DF}.Debug|Any CPU.Build.0 = Debug|Any CPU
		{01F7B742-77FC-4DD1-BF8B-919DA47F33DF}.Release|Any CPU.ActiveCfg = Release|Any CPU
		{01F7B742-77FC-4DD1-BF8B-919DA47F33DF}.Release|Any CPU.Build.0 = Release|Any CPU
	EndGlobalSection
	GlobalSection(SolutionProperties) = preSolution
		HideSolutionNode = FALSE
	EndGlobalSection
	GlobalSection(ExtensibilityGlobals) = postSolution
		SolutionGuid = {6832D495-2288-495D-A098-2EC5A3732A68}
	EndGlobalSection
EndGlobal
