
Microsoft Visual Studio Solution File, Format Version 12.00
# Visual Studio Version 16
VisualStudioVersion = 16.0.29709.97
MinimumVisualStudioVersion = 10.0.40219.1
Project("{FAE04EC0-301F-11D3-BF4B-00C04F79EFBC}") = "ClassLibrary1", "ClassLibrary1.csproj", "{23B93924-040E-4D47-9F0C-56F6D445BC22}"
EndProject
Global
	GlobalSection(SolutionConfigurationPlatforms) = preSolution
		Debug|Any CPU = Debug|Any CPU
		Release|Any CPU = Release|Any CPU
	EndGlobalSection
	GlobalSection(ProjectConfigurationPlatforms) = postSolution
		{23B93924-040E-4D47-9F0C-56F6D445BC22}.Debug|Any CPU.ActiveCfg = Debug|Any CPU
		{23B93924-040E-4D47-9F0C-56F6D445BC22}.Debug|Any CPU.Build.0 = Debug|Any CPU
		{23B93924-040E-4D47-9F0C-56F6D445BC22}.Release|Any CPU.ActiveCfg = Release|Any CPU
		{23B93924-040E-4D47-9F0C-56F6D445BC22}.Release|Any CPU.Build.0 = Release|Any CPU
	EndGlobalSection
	GlobalSection(SolutionProperties) = preSolution
		HideSolutionNode = FALSE
	EndGlobalSection
	GlobalSection(ExtensibilityGlobals) = postSolution
		SolutionGuid = {ABA2C340-E3DE-413F-A6A8-9A367B4D2987}
	EndGlobalSection
EndGlobal
