Microsoft Visual Studio Solution File, Format Version 12.00
# Visual Studio Version 17
VisualStudioVersion = 17.0.32112.339
MinimumVisualStudioVersion = 10.0.40219.1
Project("{9A19103F-16F7-4668-BE54-9A1E7A4F7556}") = "FP_OGRE", "FP_OGRE\FP_OGRE.csproj", "{639DDBC3-0B99-47D3-AA04-340502F92CDC}"
EndProject
Global
	GlobalSection(SolutionConfigurationPlatforms) = preSolution
		Debug|Any CPU = Debug|Any CPU
		Release|Any CPU = Release|Any CPU
	EndGlobalSection
	GlobalSection(ProjectConfigurationPlatforms) = postSolution
		{639DDBC3-0B99-47D3-AA04-340502F92CDC}.Debug|Any CPU.ActiveCfg = Debug|Any CPU
		{639DDBC3-0B99-47D3-AA04-340502F92CDC}.Debug|Any CPU.Build.0 = Debug|Any CPU
		{639DDBC3-0B99-47D3-AA04-340502F92CDC}.Release|Any CPU.ActiveCfg = Release|Any CPU
		{639DDBC3-0B99-47D3-AA04-340502F92CDC}.Release|Any CPU.Build.0 = Release|Any CPU
	EndGlobalSection
	GlobalSection(SolutionProperties) = preSolution
		HideSolutionNode = FALSE
	EndGlobalSection
	GlobalSection(ExtensibilityGlobals) = postSolution
		SolutionGuid = {cf8880e6-0314-4f9d-847e-5adabe57d5ec}
	EndGlobalSection
EndGlobal
